
Microsoft Visual Studio Solution File, Format Version 12.00
# Visual Studio 14
VisualStudioVersion = 14.0.25420.1
MinimumVisualStudioVersion = 10.0.40219.1
Project("{FAE04EC0-301F-11D3-BF4B-00C04F79EFBC}") = "CreaS.Entities", "CreaS.Entities\CreaS.Entities.csproj", "{CC216470-559C-4080-809B-1CF1BB08E975}"
EndProject
Project("{FAE04EC0-301F-11D3-BF4B-00C04F79EFBC}") = "Creas.StateForge.StateMachine", "Creas.StateForge.StateMachine\Creas.StateForge.StateMachine.csproj", "{EE254C42-2303-4AF6-8EE7-83BFC1E9F85D}"
EndProject
Global
	GlobalSection(SolutionConfigurationPlatforms) = preSolution
		Debug|Any CPU = Debug|Any CPU
		Release|Any CPU = Release|Any CPU
	EndGlobalSection
	GlobalSection(ProjectConfigurationPlatforms) = postSolution
		{CC216470-559C-4080-809B-1CF1BB08E975}.Debug|Any CPU.ActiveCfg = Debug|Any CPU
		{CC216470-559C-4080-809B-1CF1BB08E975}.Debug|Any CPU.Build.0 = Debug|Any CPU
		{CC216470-559C-4080-809B-1CF1BB08E975}.Release|Any CPU.ActiveCfg = Release|Any CPU
		{CC216470-559C-4080-809B-1CF1BB08E975}.Release|Any CPU.Build.0 = Release|Any CPU
		{EE254C42-2303-4AF6-8EE7-83BFC1E9F85D}.Debug|Any CPU.ActiveCfg = Debug|Any CPU
		{EE254C42-2303-4AF6-8EE7-83BFC1E9F85D}.Debug|Any CPU.Build.0 = Debug|Any CPU
		{EE254C42-2303-4AF6-8EE7-83BFC1E9F85D}.Release|Any CPU.ActiveCfg = Release|Any CPU
		{EE254C42-2303-4AF6-8EE7-83BFC1E9F85D}.Release|Any CPU.Build.0 = Release|Any CPU
	EndGlobalSection
	GlobalSection(SolutionProperties) = preSolution
		HideSolutionNode = FALSE
	EndGlobalSection
EndGlobal
